// !$*UTF8*$!
{
	archiveVersion = 1;
	classes = {
	};
	objectVersion = 56;
	objects = {

/* Begin PBXBuildFile section */
		7E0DD4152A5C170500FC0BF7 /* Realm in Frameworks */ = {isa = PBXBuildFile; productRef = 7E0DD4142A5C170500FC0BF7 /* Realm */; };
		7E0DD4172A5C170500FC0BF7 /* RealmSwift in Frameworks */ = {isa = PBXBuildFile; productRef = 7E0DD4162A5C170500FC0BF7 /* RealmSwift */; };
		7E79E0E92A5C06A5005D7C99 /* SSHProfile.swift in Sources */ = {isa = PBXBuildFile; fileRef = 7E79E0E82A5C06A5005D7C99 /* SSHProfile.swift */; };
		7E79E0EB2A5C073A005D7C99 /* RealmManager.swift in Sources */ = {isa = PBXBuildFile; fileRef = 7E79E0EA2A5C073A005D7C99 /* RealmManager.swift */; };
		7E7AD3B42A54005D0009AB69 /* AppDelegate.swift in Sources */ = {isa = PBXBuildFile; fileRef = 7E7AD3B32A54005D0009AB69 /* AppDelegate.swift */; };
		7E7AD3B62A54005D0009AB69 /* HomeViewController.swift in Sources */ = {isa = PBXBuildFile; fileRef = 7E7AD3B52A54005D0009AB69 /* HomeViewController.swift */; };
		7E7AD3B92A54005D0009AB69 /* GitSSHManager.xcdatamodeld in Sources */ = {isa = PBXBuildFile; fileRef = 7E7AD3B72A54005D0009AB69 /* GitSSHManager.xcdatamodeld */; };
		7E7AD3BB2A54005F0009AB69 /* Assets.xcassets in Resources */ = {isa = PBXBuildFile; fileRef = 7E7AD3BA2A54005F0009AB69 /* Assets.xcassets */; };
		7E7AD3BE2A54005F0009AB69 /* Main.storyboard in Resources */ = {isa = PBXBuildFile; fileRef = 7E7AD3BC2A54005F0009AB69 /* Main.storyboard */; };
		7E7AD3C92A541FD80009AB69 /* AddProfileViewController.swift in Sources */ = {isa = PBXBuildFile; fileRef = 7E7AD3C82A541FD80009AB69 /* AddProfileViewController.swift */; };
		7EBA7D242A5D590600E24306 /* NavigationManager.swift in Sources */ = {isa = PBXBuildFile; fileRef = 7EBA7D232A5D590600E24306 /* NavigationManager.swift */; };
		7ECDFE532A568AF300DDD430 /* ProfileData.swift in Sources */ = {isa = PBXBuildFile; fileRef = 7ECDFE522A568AF300DDD430 /* ProfileData.swift */; };
		7ECDFE552A568B6C00DDD430 /* ProfileViewController.swift in Sources */ = {isa = PBXBuildFile; fileRef = 7ECDFE542A568B6C00DDD430 /* ProfileViewController.swift */; };
/* End PBXBuildFile section */

/* Begin PBXFileReference section */
		7E79E0E82A5C06A5005D7C99 /* SSHProfile.swift */ = {isa = PBXFileReference; lastKnownFileType = sourcecode.swift; path = SSHProfile.swift; sourceTree = "<group>"; };
		7E79E0EA2A5C073A005D7C99 /* RealmManager.swift */ = {isa = PBXFileReference; lastKnownFileType = sourcecode.swift; path = RealmManager.swift; sourceTree = "<group>"; };
		7E7AD3B02A54005D0009AB69 /* GitSSHManager.app */ = {isa = PBXFileReference; explicitFileType = wrapper.application; includeInIndex = 0; path = GitSSHManager.app; sourceTree = BUILT_PRODUCTS_DIR; };
		7E7AD3B32A54005D0009AB69 /* AppDelegate.swift */ = {isa = PBXFileReference; lastKnownFileType = sourcecode.swift; path = AppDelegate.swift; sourceTree = "<group>"; };
		7E7AD3B52A54005D0009AB69 /* HomeViewController.swift */ = {isa = PBXFileReference; lastKnownFileType = sourcecode.swift; path = HomeViewController.swift; sourceTree = "<group>"; };
		7E7AD3B82A54005D0009AB69 /* GitSSHManager.xcdatamodel */ = {isa = PBXFileReference; lastKnownFileType = wrapper.xcdatamodel; path = GitSSHManager.xcdatamodel; sourceTree = "<group>"; };
		7E7AD3BA2A54005F0009AB69 /* Assets.xcassets */ = {isa = PBXFileReference; lastKnownFileType = folder.assetcatalog; path = Assets.xcassets; sourceTree = "<group>"; };
		7E7AD3BD2A54005F0009AB69 /* Base */ = {isa = PBXFileReference; lastKnownFileType = file.storyboard; name = Base; path = Base.lproj/Main.storyboard; sourceTree = "<group>"; };
		7E7AD3BF2A54005F0009AB69 /* GitSSHManager.entitlements */ = {isa = PBXFileReference; lastKnownFileType = text.plist.entitlements; path = GitSSHManager.entitlements; sourceTree = "<group>"; };
		7E7AD3C82A541FD80009AB69 /* AddProfileViewController.swift */ = {isa = PBXFileReference; lastKnownFileType = sourcecode.swift; path = AddProfileViewController.swift; sourceTree = "<group>"; };
		7EBA7D232A5D590600E24306 /* NavigationManager.swift */ = {isa = PBXFileReference; lastKnownFileType = sourcecode.swift; path = NavigationManager.swift; sourceTree = "<group>"; };
		7ECDFE522A568AF300DDD430 /* ProfileData.swift */ = {isa = PBXFileReference; lastKnownFileType = sourcecode.swift; path = ProfileData.swift; sourceTree = "<group>"; };
		7ECDFE542A568B6C00DDD430 /* ProfileViewController.swift */ = {isa = PBXFileReference; lastKnownFileType = sourcecode.swift; path = ProfileViewController.swift; sourceTree = "<group>"; };
/* End PBXFileReference section */

/* Begin PBXFrameworksBuildPhase section */
		7E7AD3AD2A54005D0009AB69 /* Frameworks */ = {
			isa = PBXFrameworksBuildPhase;
			buildActionMask = 2147483647;
			files = (
				7E0DD4172A5C170500FC0BF7 /* RealmSwift in Frameworks */,
				7E0DD4152A5C170500FC0BF7 /* Realm in Frameworks */,
			);
			runOnlyForDeploymentPostprocessing = 0;
		};
/* End PBXFrameworksBuildPhase section */

/* Begin PBXGroup section */
		7E7AD3A72A54005D0009AB69 = {
			isa = PBXGroup;
			children = (
				7E7AD3B22A54005D0009AB69 /* GitSSHManager */,
				7E7AD3B12A54005D0009AB69 /* Products */,
			);
			sourceTree = "<group>";
		};
		7E7AD3B12A54005D0009AB69 /* Products */ = {
			isa = PBXGroup;
			children = (
				7E7AD3B02A54005D0009AB69 /* GitSSHManager.app */,
			);
			name = Products;
			sourceTree = "<group>";
		};
		7E7AD3B22A54005D0009AB69 /* GitSSHManager */ = {
			isa = PBXGroup;
			children = (
				7EBA7D222A5D58F900E24306 /* Navigation */,
				7EF7BD1C2A5BDADA00289107 /* Core Data */,
				7ECDFE512A568AD700DDD430 /* Data Model */,
				7E7AD3C72A540B6A0009AB69 /* ViewController */,
				7E7AD3BF2A54005F0009AB69 /* GitSSHManager.entitlements */,
				7E7AD3C62A5400E40009AB69 /* Storyboard */,
				7E7AD3C52A5400C80009AB69 /* Application */,
			);
			path = GitSSHManager;
			sourceTree = "<group>";
		};
		7E7AD3C52A5400C80009AB69 /* Application */ = {
			isa = PBXGroup;
			children = (
				7E7AD3B32A54005D0009AB69 /* AppDelegate.swift */,
				7E7AD3BA2A54005F0009AB69 /* Assets.xcassets */,
				7E7AD3B72A54005D0009AB69 /* GitSSHManager.xcdatamodeld */,
			);
			path = Application;
			sourceTree = "<group>";
		};
		7E7AD3C62A5400E40009AB69 /* Storyboard */ = {
			isa = PBXGroup;
			children = (
				7E7AD3BC2A54005F0009AB69 /* Main.storyboard */,
			);
			path = Storyboard;
			sourceTree = "<group>";
		};
		7E7AD3C72A540B6A0009AB69 /* ViewController */ = {
			isa = PBXGroup;
			children = (
				7E7AD3B52A54005D0009AB69 /* HomeViewController.swift */,
				7E7AD3C82A541FD80009AB69 /* AddProfileViewController.swift */,
				7ECDFE542A568B6C00DDD430 /* ProfileViewController.swift */,
			);
			path = ViewController;
			sourceTree = "<group>";
		};
		7EBA7D222A5D58F900E24306 /* Navigation */ = {
			isa = PBXGroup;
			children = (
				7EBA7D232A5D590600E24306 /* NavigationManager.swift */,
			);
			path = Navigation;
			sourceTree = "<group>";
		};
		7ECDFE512A568AD700DDD430 /* Data Model */ = {
			isa = PBXGroup;
			children = (
				7ECDFE522A568AF300DDD430 /* ProfileData.swift */,
			);
			path = "Data Model";
			sourceTree = "<group>";
		};
		7EF7BD1C2A5BDADA00289107 /* Core Data */ = {
			isa = PBXGroup;
			children = (
				7E79E0E82A5C06A5005D7C99 /* SSHProfile.swift */,
				7E79E0EA2A5C073A005D7C99 /* RealmManager.swift */,
			);
			path = "Core Data";
			sourceTree = "<group>";
		};
/* End PBXGroup section */

/* Begin PBXNativeTarget section */
		7E7AD3AF2A54005D0009AB69 /* GitSSHManager */ = {
			isa = PBXNativeTarget;
			buildConfigurationList = 7E7AD3C22A54005F0009AB69 /* Build configuration list for PBXNativeTarget "GitSSHManager" */;
			buildPhases = (
				7E7AD3AC2A54005D0009AB69 /* Sources */,
				7E7AD3AD2A54005D0009AB69 /* Frameworks */,
				7E7AD3AE2A54005D0009AB69 /* Resources */,
			);
			buildRules = (
			);
			dependencies = (
			);
			name = GitSSHManager;
			packageProductDependencies = (
				7E0DD4142A5C170500FC0BF7 /* Realm */,
				7E0DD4162A5C170500FC0BF7 /* RealmSwift */,
			);
			productName = GitSSHManager;
			productReference = 7E7AD3B02A54005D0009AB69 /* GitSSHManager.app */;
			productType = "com.apple.product-type.application";
		};
/* End PBXNativeTarget section */

/* Begin PBXProject section */
		7E7AD3A82A54005D0009AB69 /* Project object */ = {
			isa = PBXProject;
			attributes = {
				BuildIndependentTargetsInParallel = 1;
				LastSwiftUpdateCheck = 1400;
				LastUpgradeCheck = 1400;
				TargetAttributes = {
					7E7AD3AF2A54005D0009AB69 = {
						CreatedOnToolsVersion = 14.0;
					};
				};
			};
			buildConfigurationList = 7E7AD3AB2A54005D0009AB69 /* Build configuration list for PBXProject "GitSSHManager" */;
			compatibilityVersion = "Xcode 14.0";
			developmentRegion = en;
			hasScannedForEncodings = 0;
			knownRegions = (
				en,
				Base,
			);
			mainGroup = 7E7AD3A72A54005D0009AB69;
			packageReferences = (
				7E0DD4132A5C170500FC0BF7 /* XCRemoteSwiftPackageReference "realm-swift" */,
			);
			productRefGroup = 7E7AD3B12A54005D0009AB69 /* Products */;
			projectDirPath = "";
			projectRoot = "";
			targets = (
				7E7AD3AF2A54005D0009AB69 /* GitSSHManager */,
			);
		};
/* End PBXProject section */

/* Begin PBXResourcesBuildPhase section */
		7E7AD3AE2A54005D0009AB69 /* Resources */ = {
			isa = PBXResourcesBuildPhase;
			buildActionMask = 2147483647;
			files = (
				7E7AD3BB2A54005F0009AB69 /* Assets.xcassets in Resources */,
				7E7AD3BE2A54005F0009AB69 /* Main.storyboard in Resources */,
			);
			runOnlyForDeploymentPostprocessing = 0;
		};
/* End PBXResourcesBuildPhase section */

/* Begin PBXSourcesBuildPhase section */
		7E7AD3AC2A54005D0009AB69 /* Sources */ = {
			isa = PBXSourcesBuildPhase;
			buildActionMask = 2147483647;
			files = (
				7ECDFE552A568B6C00DDD430 /* ProfileViewController.swift in Sources */,
				7E79E0EB2A5C073A005D7C99 /* RealmManager.swift in Sources */,
				7EBA7D242A5D590600E24306 /* NavigationManager.swift in Sources */,
				7E7AD3B92A54005D0009AB69 /* GitSSHManager.xcdatamodeld in Sources */,
				7E7AD3B62A54005D0009AB69 /* HomeViewController.swift in Sources */,
				7E79E0E92A5C06A5005D7C99 /* SSHProfile.swift in Sources */,
				7E7AD3C92A541FD80009AB69 /* AddProfileViewController.swift in Sources */,
				7ECDFE532A568AF300DDD430 /* ProfileData.swift in Sources */,
				7E7AD3B42A54005D0009AB69 /* AppDelegate.swift in Sources */,
			);
			runOnlyForDeploymentPostprocessing = 0;
		};
/* End PBXSourcesBuildPhase section */

/* Begin PBXVariantGroup section */
		7E7AD3BC2A54005F0009AB69 /* Main.storyboard */ = {
			isa = PBXVariantGroup;
			children = (
				7E7AD3BD2A54005F0009AB69 /* Base */,
			);
			name = Main.storyboard;
			sourceTree = "<group>";
		};
/* End PBXVariantGroup section */

/* Begin XCBuildConfiguration section */
		7E7AD3C02A54005F0009AB69 /* Debug */ = {
			isa = XCBuildConfiguration;
			buildSettings = {
				ALWAYS_SEARCH_USER_PATHS = NO;
				CLANG_ANALYZER_NONNULL = YES;
				CLANG_ANALYZER_NUMBER_OBJECT_CONVERSION = YES_AGGRESSIVE;
				CLANG_CXX_LANGUAGE_STANDARD = "gnu++20";
				CLANG_ENABLE_MODULES = YES;
				CLANG_ENABLE_OBJC_ARC = YES;
				CLANG_ENABLE_OBJC_WEAK = YES;
				CLANG_WARN_BLOCK_CAPTURE_AUTORELEASING = YES;
				CLANG_WARN_BOOL_CONVERSION = YES;
				CLANG_WARN_COMMA = YES;
				CLANG_WARN_CONSTANT_CONVERSION = YES;
				CLANG_WARN_DEPRECATED_OBJC_IMPLEMENTATIONS = YES;
				CLANG_WARN_DIRECT_OBJC_ISA_USAGE = YES_ERROR;
				CLANG_WARN_DOCUMENTATION_COMMENTS = YES;
				CLANG_WARN_EMPTY_BODY = YES;
				CLANG_WARN_ENUM_CONVERSION = YES;
				CLANG_WARN_INFINITE_RECURSION = YES;
				CLANG_WARN_INT_CONVERSION = YES;
				CLANG_WARN_NON_LITERAL_NULL_CONVERSION = YES;
				CLANG_WARN_OBJC_IMPLICIT_RETAIN_SELF = YES;
				CLANG_WARN_OBJC_LITERAL_CONVERSION = YES;
				CLANG_WARN_OBJC_ROOT_CLASS = YES_ERROR;
				CLANG_WARN_QUOTED_INCLUDE_IN_FRAMEWORK_HEADER = YES;
				CLANG_WARN_RANGE_LOOP_ANALYSIS = YES;
				CLANG_WARN_STRICT_PROTOTYPES = YES;
				CLANG_WARN_SUSPICIOUS_MOVE = YES;
				CLANG_WARN_UNGUARDED_AVAILABILITY = YES_AGGRESSIVE;
				CLANG_WARN_UNREACHABLE_CODE = YES;
				CLANG_WARN__DUPLICATE_METHOD_MATCH = YES;
				COPY_PHASE_STRIP = NO;
				DEBUG_INFORMATION_FORMAT = dwarf;
				ENABLE_STRICT_OBJC_MSGSEND = YES;
				ENABLE_TESTABILITY = YES;
				GCC_C_LANGUAGE_STANDARD = gnu11;
				GCC_DYNAMIC_NO_PIC = NO;
				GCC_NO_COMMON_BLOCKS = YES;
				GCC_OPTIMIZATION_LEVEL = 0;
				GCC_PREPROCESSOR_DEFINITIONS = (
					"DEBUG=1",
					"$(inherited)",
				);
				GCC_WARN_64_TO_32_BIT_CONVERSION = YES;
				GCC_WARN_ABOUT_RETURN_TYPE = YES_ERROR;
				GCC_WARN_UNDECLARED_SELECTOR = YES;
				GCC_WARN_UNINITIALIZED_AUTOS = YES_AGGRESSIVE;
				GCC_WARN_UNUSED_FUNCTION = YES;
				GCC_WARN_UNUSED_VARIABLE = YES;
				MACOSX_DEPLOYMENT_TARGET = 12.3;
				MTL_ENABLE_DEBUG_INFO = INCLUDE_SOURCE;
				MTL_FAST_MATH = YES;
				ONLY_ACTIVE_ARCH = YES;
				SDKROOT = macosx;
				SWIFT_ACTIVE_COMPILATION_CONDITIONS = DEBUG;
				SWIFT_OPTIMIZATION_LEVEL = "-Onone";
			};
			name = Debug;
		};
		7E7AD3C12A54005F0009AB69 /* Release */ = {
			isa = XCBuildConfiguration;
			buildSettings = {
				ALWAYS_SEARCH_USER_PATHS = NO;
				CLANG_ANALYZER_NONNULL = YES;
				CLANG_ANALYZER_NUMBER_OBJECT_CONVERSION = YES_AGGRESSIVE;
				CLANG_CXX_LANGUAGE_STANDARD = "gnu++20";
				CLANG_ENABLE_MODULES = YES;
				CLANG_ENABLE_OBJC_ARC = YES;
				CLANG_ENABLE_OBJC_WEAK = YES;
				CLANG_WARN_BLOCK_CAPTURE_AUTORELEASING = YES;
				CLANG_WARN_BOOL_CONVERSION = YES;
				CLANG_WARN_COMMA = YES;
				CLANG_WARN_CONSTANT_CONVERSION = YES;
				CLANG_WARN_DEPRECATED_OBJC_IMPLEMENTATIONS = YES;
				CLANG_WARN_DIRECT_OBJC_ISA_USAGE = YES_ERROR;
				CLANG_WARN_DOCUMENTATION_COMMENTS = YES;
				CLANG_WARN_EMPTY_BODY = YES;
				CLANG_WARN_ENUM_CONVERSION = YES;
				CLANG_WARN_INFINITE_RECURSION = YES;
				CLANG_WARN_INT_CONVERSION = YES;
				CLANG_WARN_NON_LITERAL_NULL_CONVERSION = YES;
				CLANG_WARN_OBJC_IMPLICIT_RETAIN_SELF = YES;
				CLANG_WARN_OBJC_LITERAL_CONVERSION = YES;
				CLANG_WARN_OBJC_ROOT_CLASS = YES_ERROR;
				CLANG_WARN_QUOTED_INCLUDE_IN_FRAMEWORK_HEADER = YES;
				CLANG_WARN_RANGE_LOOP_ANALYSIS = YES;
				CLANG_WARN_STRICT_PROTOTYPES = YES;
				CLANG_WARN_SUSPICIOUS_MOVE = YES;
				CLANG_WARN_UNGUARDED_AVAILABILITY = YES_AGGRESSIVE;
				CLANG_WARN_UNREACHABLE_CODE = YES;
				CLANG_WARN__DUPLICATE_METHOD_MATCH = YES;
				COPY_PHASE_STRIP = NO;
				DEBUG_INFORMATION_FORMAT = "dwarf-with-dsym";
				ENABLE_NS_ASSERTIONS = NO;
				ENABLE_STRICT_OBJC_MSGSEND = YES;
				GCC_C_LANGUAGE_STANDARD = gnu11;
				GCC_NO_COMMON_BLOCKS = YES;
				GCC_WARN_64_TO_32_BIT_CONVERSION = YES;
				GCC_WARN_ABOUT_RETURN_TYPE = YES_ERROR;
				GCC_WARN_UNDECLARED_SELECTOR = YES;
				GCC_WARN_UNINITIALIZED_AUTOS = YES_AGGRESSIVE;
				GCC_WARN_UNUSED_FUNCTION = YES;
				GCC_WARN_UNUSED_VARIABLE = YES;
				MACOSX_DEPLOYMENT_TARGET = 12.3;
				MTL_ENABLE_DEBUG_INFO = NO;
				MTL_FAST_MATH = YES;
				SDKROOT = macosx;
				SWIFT_COMPILATION_MODE = wholemodule;
				SWIFT_OPTIMIZATION_LEVEL = "-O";
			};
			name = Release;
		};
		7E7AD3C32A54005F0009AB69 /* Debug */ = {
			isa = XCBuildConfiguration;
			buildSettings = {
				ASSETCATALOG_COMPILER_APPICON_NAME = AppIcon;
				ASSETCATALOG_COMPILER_GLOBAL_ACCENT_COLOR_NAME = AccentColor;
				CODE_SIGN_ENTITLEMENTS = GitSSHManager/GitSSHManager.entitlements;
				CODE_SIGN_STYLE = Automatic;
				COMBINE_HIDPI_IMAGES = YES;
				CURRENT_PROJECT_VERSION = 1;
				GENERATE_INFOPLIST_FILE = YES;
				INFOPLIST_KEY_NSHumanReadableCopyright = "";
				INFOPLIST_KEY_NSMainStoryboardFile = Main;
				INFOPLIST_KEY_NSPrincipalClass = NSApplication;
				LD_RUNPATH_SEARCH_PATHS = (
					"$(inherited)",
					"@executable_path/../Frameworks",
				);
				MARKETING_VERSION = 1.0;
				PRODUCT_BUNDLE_IDENTIFIER = org.coditas.GitSSHManager;
				PRODUCT_NAME = "$(TARGET_NAME)";
				SWIFT_EMIT_LOC_STRINGS = YES;
				SWIFT_VERSION = 5.0;
			};
			name = Debug;
		};
		7E7AD3C42A54005F0009AB69 /* Release */ = {
			isa = XCBuildConfiguration;
			buildSettings = {
				ASSETCATALOG_COMPILER_APPICON_NAME = AppIcon;
				ASSETCATALOG_COMPILER_GLOBAL_ACCENT_COLOR_NAME = AccentColor;
				CODE_SIGN_ENTITLEMENTS = GitSSHManager/GitSSHManager.entitlements;
				CODE_SIGN_STYLE = Automatic;
				COMBINE_HIDPI_IMAGES = YES;
				CURRENT_PROJECT_VERSION = 1;
				GENERATE_INFOPLIST_FILE = YES;
				INFOPLIST_KEY_NSHumanReadableCopyright = "";
				INFOPLIST_KEY_NSMainStoryboardFile = Main;
				INFOPLIST_KEY_NSPrincipalClass = NSApplication;
				LD_RUNPATH_SEARCH_PATHS = (
					"$(inherited)",
					"@executable_path/../Frameworks",
				);
				MARKETING_VERSION = 1.0;
				PRODUCT_BUNDLE_IDENTIFIER = org.coditas.GitSSHManager;
				PRODUCT_NAME = "$(TARGET_NAME)";
				SWIFT_EMIT_LOC_STRINGS = YES;
				SWIFT_VERSION = 5.0;
			};
			name = Release;
		};
/* End XCBuildConfiguration section */

/* Begin XCConfigurationList section */
		7E7AD3AB2A54005D0009AB69 /* Build configuration list for PBXProject "GitSSHManager" */ = {
			isa = XCConfigurationList;
			buildConfigurations = (
				7E7AD3C02A54005F0009AB69 /* Debug */,
				7E7AD3C12A54005F0009AB69 /* Release */,
			);
			defaultConfigurationIsVisible = 0;
			defaultConfigurationName = Release;
		};
		7E7AD3C22A54005F0009AB69 /* Build configuration list for PBXNativeTarget "GitSSHManager" */ = {
			isa = XCConfigurationList;
			buildConfigurations = (
				7E7AD3C32A54005F0009AB69 /* Debug */,
				7E7AD3C42A54005F0009AB69 /* Release */,
			);
			defaultConfigurationIsVisible = 0;
			defaultConfigurationName = Release;
		};
/* End XCConfigurationList section */

/* Begin XCRemoteSwiftPackageReference section */
		7E0DD4132A5C170500FC0BF7 /* XCRemoteSwiftPackageReference "realm-swift" */ = {
			isa = XCRemoteSwiftPackageReference;
			repositoryURL = "https://github.com/realm/realm-swift";
			requirement = {
				kind = exactVersion;
				version = 10.37.1;
			};
		};
/* End XCRemoteSwiftPackageReference section */

/* Begin XCSwiftPackageProductDependency section */
		7E0DD4142A5C170500FC0BF7 /* Realm */ = {
			isa = XCSwiftPackageProductDependency;
			package = 7E0DD4132A5C170500FC0BF7 /* XCRemoteSwiftPackageReference "realm-swift" */;
			productName = Realm;
		};
		7E0DD4162A5C170500FC0BF7 /* RealmSwift */ = {
			isa = XCSwiftPackageProductDependency;
			package = 7E0DD4132A5C170500FC0BF7 /* XCRemoteSwiftPackageReference "realm-swift" */;
			productName = RealmSwift;
		};
/* End XCSwiftPackageProductDependency section */

/* Begin XCVersionGroup section */
		7E7AD3B72A54005D0009AB69 /* GitSSHManager.xcdatamodeld */ = {
			isa = XCVersionGroup;
			children = (
				7E7AD3B82A54005D0009AB69 /* GitSSHManager.xcdatamodel */,
			);
			currentVersion = 7E7AD3B82A54005D0009AB69 /* GitSSHManager.xcdatamodel */;
			path = GitSSHManager.xcdatamodeld;
			sourceTree = "<group>";
			versionGroupType = wrapper.xcdatamodel;
		};
/* End XCVersionGroup section */
	};
	rootObject = 7E7AD3A82A54005D0009AB69 /* Project object */;
}
